
Microsoft Visual Studio Solution File, Format Version 12.00
# Visual Studio Version 16
VisualStudioVersion = 16.0.29806.167
MinimumVisualStudioVersion = 10.0.40219.1
Project("{FAE04EC0-301F-11D3-BF4B-00C04F79EFBC}") = "Movies-RazorPages", "Movies-RazorPages\Movies-RazorPages.csproj", "{82BD6647-DF3A-4936-85E7-B419D7322C5D}"
EndProject
Global
	GlobalSection(SolutionConfigurationPlatforms) = preSolution
		Debug|Any CPU = Debug|Any CPU
		Release|Any CPU = Release|Any CPU
	EndGlobalSection
	GlobalSection(ProjectConfigurationPlatforms) = postSolution
		{82BD6647-DF3A-4936-85E7-B419D7322C5D}.Debug|Any CPU.ActiveCfg = Debug|Any CPU
		{82BD6647-DF3A-4936-85E7-B419D7322C5D}.Debug|Any CPU.Build.0 = Debug|Any CPU
		{82BD6647-DF3A-4936-85E7-B419D7322C5D}.Release|Any CPU.ActiveCfg = Release|Any CPU
		{82BD6647-DF3A-4936-85E7-B419D7322C5D}.Release|Any CPU.Build.0 = Release|Any CPU
	EndGlobalSection
	GlobalSection(SolutionProperties) = preSolution
		HideSolutionNode = FALSE
	EndGlobalSection
	GlobalSection(ExtensibilityGlobals) = postSolution
		SolutionGuid = {AA82DE5E-B364-4DA6-B033-7A7058D05C1D}
	EndGlobalSection
EndGlobal
